// !$*UTF8*$!
{
	archiveVersion = 1;
	classes = {
	};
	objectVersion = 46;
	objects = {

/* Begin PBXGroup section */
		760C78C91A745E8400AE2511 = {
			isa = PBXGroup;
			children = (
			);
			sourceTree = "<group>";
		};
/* End PBXGroup section */

/* Begin PBXProject section */
		760C78CA1A745E8400AE2511 /* Project object */ = {
			isa = PBXProject;
			attributes = {
				LastUpgradeCheck = 0610;
			};
			buildConfigurationList = 760C78CD1A745E8400AE2511 /* Build configuration list for PBXProject "poopChat" */;
			compatibilityVersion = "Xcode 3.2";
			developmentRegion = English;
			hasScannedForEncodings = 0;
			knownRegions = (
				en,
			);
			mainGroup = 760C78C91A745E8400AE2511;
			projectDirPath = "";
			projectRoot = "";
			targets = (
			);
		};
/* End PBXProject section */

/* Begin XCBuildConfiguration section */
		760C78CE1A745E8400AE2511 /* Debug */ = {
			isa = XCBuildConfiguration;
			buildSettings = {
			};
			name = Debug;
		};
		760C78CF1A745E8400AE2511 /* Release */ = {
			isa = XCBuildConfiguration;
			buildSettings = {
			};
			name = Release;
		};
/* End XCBuildConfiguration section */

/* Begin XCConfigurationList section */
		760C78CD1A745E8400AE2511 /* Build configuration list for PBXProject "poopChat" */ = {
			isa = XCConfigurationList;
			buildConfigurations = (
				760C78CE1A745E8400AE2511 /* Debug */,
				760C78CF1A745E8400AE2511 /* Release */,
			);
			defaultConfigurationIsVisible = 0;
			defaultConfigurationName = Release;
		};
/* End XCConfigurationList section */
	};
	rootObject = 760C78CA1A745E8400AE2511 /* Project object */;
}
